// !$*UTF8*$!
{
	archiveVersion = 1;
	classes = {
	};
	objectVersion = 46;
	objects = {

/* Begin PBXBuildFile section */
		4D6067C719E99C4B0052B82A /* AppDelegate.swift in Sources */ = {isa = PBXBuildFile; fileRef = 4D6067C619E99C4B0052B82A /* AppDelegate.swift */; };
		4D6067CE19E99C4B0052B82A /* Images.xcassets in Resources */ = {isa = PBXBuildFile; fileRef = 4D6067CD19E99C4B0052B82A /* Images.xcassets */; };
		4D6067D119E99C4B0052B82A /* LaunchScreen.xib in Resources */ = {isa = PBXBuildFile; fileRef = 4D6067CF19E99C4B0052B82A /* LaunchScreen.xib */; };
		4D6067DD19E99C4B0052B82A /* PaaSTests.swift in Sources */ = {isa = PBXBuildFile; fileRef = 4D6067DC19E99C4B0052B82A /* PaaSTests.swift */; };
		4D6067E719E99D4B0052B82A /* HTTP.swift in Sources */ = {isa = PBXBuildFile; fileRef = 4D6067E619E99D4B0052B82A /* HTTP.swift */; };
		C5FF109719E9A49800CA4C23 /* MainController.swift in Sources */ = {isa = PBXBuildFile; fileRef = C5FF109519E9A49800CA4C23 /* MainController.swift */; };
		C5FF109819E9A49800CA4C23 /* MainController.xib in Resources */ = {isa = PBXBuildFile; fileRef = C5FF109619E9A49800CA4C23 /* MainController.xib */; };
		C5FF109B19E9A9A600CA4C23 /* AuthController.swift in Sources */ = {isa = PBXBuildFile; fileRef = C5FF109919E9A9A600CA4C23 /* AuthController.swift */; };
		C5FF109C19E9A9A600CA4C23 /* AuthController.xib in Resources */ = {isa = PBXBuildFile; fileRef = C5FF109A19E9A9A600CA4C23 /* AuthController.xib */; };
/* End PBXBuildFile section */

/* Begin PBXContainerItemProxy section */
		4D6067D719E99C4B0052B82A /* PBXContainerItemProxy */ = {
			isa = PBXContainerItemProxy;
			containerPortal = 4D6067B919E99C4B0052B82A /* Project object */;
			proxyType = 1;
			remoteGlobalIDString = 4D6067C019E99C4B0052B82A;
			remoteInfo = PaaS;
		};
/* End PBXContainerItemProxy section */

/* Begin PBXFileReference section */
		4D6067C119E99C4B0052B82A /* PaaS.app */ = {isa = PBXFileReference; explicitFileType = wrapper.application; includeInIndex = 0; path = PaaS.app; sourceTree = BUILT_PRODUCTS_DIR; };
		4D6067C519E99C4B0052B82A /* Info.plist */ = {isa = PBXFileReference; lastKnownFileType = text.plist.xml; path = Info.plist; sourceTree = "<group>"; };
		4D6067C619E99C4B0052B82A /* AppDelegate.swift */ = {isa = PBXFileReference; lastKnownFileType = sourcecode.swift; path = AppDelegate.swift; sourceTree = "<group>"; };
		4D6067CD19E99C4B0052B82A /* Images.xcassets */ = {isa = PBXFileReference; lastKnownFileType = folder.assetcatalog; path = Images.xcassets; sourceTree = "<group>"; };
		4D6067D019E99C4B0052B82A /* Base */ = {isa = PBXFileReference; lastKnownFileType = file.xib; name = Base; path = Base.lproj/LaunchScreen.xib; sourceTree = "<group>"; };
		4D6067D619E99C4B0052B82A /* PaaSTests.xctest */ = {isa = PBXFileReference; explicitFileType = wrapper.cfbundle; includeInIndex = 0; path = PaaSTests.xctest; sourceTree = BUILT_PRODUCTS_DIR; };
		4D6067DB19E99C4B0052B82A /* Info.plist */ = {isa = PBXFileReference; lastKnownFileType = text.plist.xml; path = Info.plist; sourceTree = "<group>"; };
		4D6067DC19E99C4B0052B82A /* PaaSTests.swift */ = {isa = PBXFileReference; lastKnownFileType = sourcecode.swift; path = PaaSTests.swift; sourceTree = "<group>"; };
		4D6067E619E99D4B0052B82A /* HTTP.swift */ = {isa = PBXFileReference; fileEncoding = 4; lastKnownFileType = sourcecode.swift; path = HTTP.swift; sourceTree = "<group>"; };
		C5FF109519E9A49800CA4C23 /* MainController.swift */ = {isa = PBXFileReference; fileEncoding = 4; lastKnownFileType = sourcecode.swift; path = MainController.swift; sourceTree = "<group>"; };
		C5FF109619E9A49800CA4C23 /* MainController.xib */ = {isa = PBXFileReference; fileEncoding = 4; lastKnownFileType = file.xib; path = MainController.xib; sourceTree = "<group>"; };
		C5FF109919E9A9A600CA4C23 /* AuthController.swift */ = {isa = PBXFileReference; fileEncoding = 4; lastKnownFileType = sourcecode.swift; path = AuthController.swift; sourceTree = "<group>"; };
		C5FF109A19E9A9A600CA4C23 /* AuthController.xib */ = {isa = PBXFileReference; fileEncoding = 4; lastKnownFileType = file.xib; path = AuthController.xib; sourceTree = "<group>"; };
/* End PBXFileReference section */

/* Begin PBXFrameworksBuildPhase section */
		4D6067BE19E99C4B0052B82A /* Frameworks */ = {
			isa = PBXFrameworksBuildPhase;
			buildActionMask = 2147483647;
			files = (
			);
			runOnlyForDeploymentPostprocessing = 0;
		};
		4D6067D319E99C4B0052B82A /* Frameworks */ = {
			isa = PBXFrameworksBuildPhase;
			buildActionMask = 2147483647;
			files = (
			);
			runOnlyForDeploymentPostprocessing = 0;
		};
/* End PBXFrameworksBuildPhase section */

/* Begin PBXGroup section */
		4D6067B819E99C4B0052B82A = {
			isa = PBXGroup;
			children = (
				4D6067C319E99C4B0052B82A /* PaaS */,
				4D6067D919E99C4B0052B82A /* PaaSTests */,
				4D6067C219E99C4B0052B82A /* Products */,
			);
			sourceTree = "<group>";
		};
		4D6067C219E99C4B0052B82A /* Products */ = {
			isa = PBXGroup;
			children = (
				4D6067C119E99C4B0052B82A /* PaaS.app */,
				4D6067D619E99C4B0052B82A /* PaaSTests.xctest */,
			);
			name = Products;
			sourceTree = "<group>";
		};
		4D6067C319E99C4B0052B82A /* PaaS */ = {
			isa = PBXGroup;
			children = (
				C5FF109419E9A46500CA4C23 /* View */,
				C5FF109019E9A36200CA4C23 /* Controller */,
				4D6067C619E99C4B0052B82A /* AppDelegate.swift */,
				4D6067E619E99D4B0052B82A /* HTTP.swift */,
				4D6067CD19E99C4B0052B82A /* Images.xcassets */,
				4D6067CF19E99C4B0052B82A /* LaunchScreen.xib */,
				4D6067C419E99C4B0052B82A /* Supporting Files */,
			);
			path = PaaS;
			sourceTree = "<group>";
		};
		4D6067C419E99C4B0052B82A /* Supporting Files */ = {
			isa = PBXGroup;
			children = (
				4D6067C519E99C4B0052B82A /* Info.plist */,
			);
			name = "Supporting Files";
			sourceTree = "<group>";
		};
		4D6067D919E99C4B0052B82A /* PaaSTests */ = {
			isa = PBXGroup;
			children = (
				4D6067DC19E99C4B0052B82A /* PaaSTests.swift */,
				4D6067DA19E99C4B0052B82A /* Supporting Files */,
			);
			path = PaaSTests;
			sourceTree = "<group>";
		};
		4D6067DA19E99C4B0052B82A /* Supporting Files */ = {
			isa = PBXGroup;
			children = (
				4D6067DB19E99C4B0052B82A /* Info.plist */,
			);
			name = "Supporting Files";
			sourceTree = "<group>";
		};
		C5FF109019E9A36200CA4C23 /* Controller */ = {
			isa = PBXGroup;
			children = (
				C5FF109919E9A9A600CA4C23 /* AuthController.swift */,
				C5FF109519E9A49800CA4C23 /* MainController.swift */,
			);
			name = Controller;
			sourceTree = "<group>";
		};
		C5FF109419E9A46500CA4C23 /* View */ = {
			isa = PBXGroup;
			children = (
				C5FF109619E9A49800CA4C23 /* MainController.xib */,
				C5FF109A19E9A9A600CA4C23 /* AuthController.xib */,
			);
			name = View;
			sourceTree = "<group>";
		};
/* End PBXGroup section */

/* Begin PBXNativeTarget section */
		4D6067C019E99C4B0052B82A /* PaaS */ = {
			isa = PBXNativeTarget;
			buildConfigurationList = 4D6067E019E99C4B0052B82A /* Build configuration list for PBXNativeTarget "PaaS" */;
			buildPhases = (
				4D6067BD19E99C4B0052B82A /* Sources */,
				4D6067BE19E99C4B0052B82A /* Frameworks */,
				4D6067BF19E99C4B0052B82A /* Resources */,
			);
			buildRules = (
			);
			dependencies = (
			);
			name = PaaS;
			productName = PaaS;
			productReference = 4D6067C119E99C4B0052B82A /* PaaS.app */;
			productType = "com.apple.product-type.application";
		};
		4D6067D519E99C4B0052B82A /* PaaSTests */ = {
			isa = PBXNativeTarget;
			buildConfigurationList = 4D6067E319E99C4B0052B82A /* Build configuration list for PBXNativeTarget "PaaSTests" */;
			buildPhases = (
				4D6067D219E99C4B0052B82A /* Sources */,
				4D6067D319E99C4B0052B82A /* Frameworks */,
				4D6067D419E99C4B0052B82A /* Resources */,
			);
			buildRules = (
			);
			dependencies = (
				4D6067D819E99C4B0052B82A /* PBXTargetDependency */,
			);
			name = PaaSTests;
			productName = PaaSTests;
			productReference = 4D6067D619E99C4B0052B82A /* PaaSTests.xctest */;
			productType = "com.apple.product-type.bundle.unit-test";
		};
/* End PBXNativeTarget section */

/* Begin PBXProject section */
		4D6067B919E99C4B0052B82A /* Project object */ = {
			isa = PBXProject;
			attributes = {
				LastUpgradeCheck = 0600;
				ORGANIZATIONNAME = "Team Goat";
				TargetAttributes = {
					4D6067C019E99C4B0052B82A = {
						CreatedOnToolsVersion = 6.0.1;
						DevelopmentTeam = 756MSMTJ5A;
					};
					4D6067D519E99C4B0052B82A = {
						CreatedOnToolsVersion = 6.0.1;
						TestTargetID = 4D6067C019E99C4B0052B82A;
					};
				};
			};
			buildConfigurationList = 4D6067BC19E99C4B0052B82A /* Build configuration list for PBXProject "PaaS" */;
			compatibilityVersion = "Xcode 3.2";
			developmentRegion = English;
			hasScannedForEncodings = 0;
			knownRegions = (
				en,
				Base,
			);
			mainGroup = 4D6067B819E99C4B0052B82A;
			productRefGroup = 4D6067C219E99C4B0052B82A /* Products */;
			projectDirPath = "";
			projectRoot = "";
			targets = (
				4D6067C019E99C4B0052B82A /* PaaS */,
				4D6067D519E99C4B0052B82A /* PaaSTests */,
			);
		};
/* End PBXProject section */

/* Begin PBXResourcesBuildPhase section */
		4D6067BF19E99C4B0052B82A /* Resources */ = {
			isa = PBXResourcesBuildPhase;
			buildActionMask = 2147483647;
			files = (
				4D6067D119E99C4B0052B82A /* LaunchScreen.xib in Resources */,
				C5FF109C19E9A9A600CA4C23 /* AuthController.xib in Resources */,
				4D6067CE19E99C4B0052B82A /* Images.xcassets in Resources */,
				C5FF109819E9A49800CA4C23 /* MainController.xib in Resources */,
			);
			runOnlyForDeploymentPostprocessing = 0;
		};
		4D6067D419E99C4B0052B82A /* Resources */ = {
			isa = PBXResourcesBuildPhase;
			buildActionMask = 2147483647;
			files = (
			);
			runOnlyForDeploymentPostprocessing = 0;
		};
/* End PBXResourcesBuildPhase section */

/* Begin PBXSourcesBuildPhase section */
		4D6067BD19E99C4B0052B82A /* Sources */ = {
			isa = PBXSourcesBuildPhase;
			buildActionMask = 2147483647;
			files = (
				4D6067E719E99D4B0052B82A /* HTTP.swift in Sources */,
				C5FF109B19E9A9A600CA4C23 /* AuthController.swift in Sources */,
				C5FF109719E9A49800CA4C23 /* MainController.swift in Sources */,
				4D6067C719E99C4B0052B82A /* AppDelegate.swift in Sources */,
			);
			runOnlyForDeploymentPostprocessing = 0;
		};
		4D6067D219E99C4B0052B82A /* Sources */ = {
			isa = PBXSourcesBuildPhase;
			buildActionMask = 2147483647;
			files = (
				4D6067DD19E99C4B0052B82A /* PaaSTests.swift in Sources */,
			);
			runOnlyForDeploymentPostprocessing = 0;
		};
/* End PBXSourcesBuildPhase section */

/* Begin PBXTargetDependency section */
		4D6067D819E99C4B0052B82A /* PBXTargetDependency */ = {
			isa = PBXTargetDependency;
			target = 4D6067C019E99C4B0052B82A /* PaaS */;
			targetProxy = 4D6067D719E99C4B0052B82A /* PBXContainerItemProxy */;
		};
/* End PBXTargetDependency section */

/* Begin PBXVariantGroup section */
		4D6067CF19E99C4B0052B82A /* LaunchScreen.xib */ = {
			isa = PBXVariantGroup;
			children = (
				4D6067D019E99C4B0052B82A /* Base */,
			);
			name = LaunchScreen.xib;
			sourceTree = "<group>";
		};
/* End PBXVariantGroup section */

/* Begin XCBuildConfiguration section */
		4D6067DE19E99C4B0052B82A /* Debug */ = {
			isa = XCBuildConfiguration;
			buildSettings = {
				ALWAYS_SEARCH_USER_PATHS = NO;
				CLANG_CXX_LANGUAGE_STANDARD = "gnu++0x";
				CLANG_CXX_LIBRARY = "libc++";
				CLANG_ENABLE_MODULES = YES;
				CLANG_ENABLE_OBJC_ARC = YES;
				CLANG_WARN_BOOL_CONVERSION = YES;
				CLANG_WARN_CONSTANT_CONVERSION = YES;
				CLANG_WARN_DIRECT_OBJC_ISA_USAGE = YES_ERROR;
				CLANG_WARN_EMPTY_BODY = YES;
				CLANG_WARN_ENUM_CONVERSION = YES;
				CLANG_WARN_INT_CONVERSION = YES;
				CLANG_WARN_OBJC_ROOT_CLASS = YES_ERROR;
				CLANG_WARN_UNREACHABLE_CODE = YES;
				CLANG_WARN__DUPLICATE_METHOD_MATCH = YES;
				"CODE_SIGN_IDENTITY[sdk=iphoneos*]" = "iPhone Developer";
				COPY_PHASE_STRIP = NO;
				ENABLE_STRICT_OBJC_MSGSEND = YES;
				GCC_C_LANGUAGE_STANDARD = gnu99;
				GCC_DYNAMIC_NO_PIC = NO;
				GCC_OPTIMIZATION_LEVEL = 0;
				GCC_PREPROCESSOR_DEFINITIONS = (
					"DEBUG=1",
					"$(inherited)",
				);
				GCC_SYMBOLS_PRIVATE_EXTERN = NO;
				GCC_WARN_64_TO_32_BIT_CONVERSION = YES;
				GCC_WARN_ABOUT_RETURN_TYPE = YES_ERROR;
				GCC_WARN_UNDECLARED_SELECTOR = YES;
				GCC_WARN_UNINITIALIZED_AUTOS = YES_AGGRESSIVE;
				GCC_WARN_UNUSED_FUNCTION = YES;
				GCC_WARN_UNUSED_VARIABLE = YES;
				IPHONEOS_DEPLOYMENT_TARGET = 8.0;
				MTL_ENABLE_DEBUG_INFO = YES;
				ONLY_ACTIVE_ARCH = YES;
				SDKROOT = iphoneos;
				SWIFT_OPTIMIZATION_LEVEL = "-Onone";
			};
			name = Debug;
		};
		4D6067DF19E99C4B0052B82A /* Release */ = {
			isa = XCBuildConfiguration;
			buildSettings = {
				ALWAYS_SEARCH_USER_PATHS = NO;
				CLANG_CXX_LANGUAGE_STANDARD = "gnu++0x";
				CLANG_CXX_LIBRARY = "libc++";
				CLANG_ENABLE_MODULES = YES;
				CLANG_ENABLE_OBJC_ARC = YES;
				CLANG_WARN_BOOL_CONVERSION = YES;
				CLANG_WARN_CONSTANT_CONVERSION = YES;
				CLANG_WARN_DIRECT_OBJC_ISA_USAGE = YES_ERROR;
				CLANG_WARN_EMPTY_BODY = YES;
				CLANG_WARN_ENUM_CONVERSION = YES;
				CLANG_WARN_INT_CONVERSION = YES;
				CLANG_WARN_OBJC_ROOT_CLASS = YES_ERROR;
				CLANG_WARN_UNREACHABLE_CODE = YES;
				CLANG_WARN__DUPLICATE_METHOD_MATCH = YES;
				"CODE_SIGN_IDENTITY[sdk=iphoneos*]" = "iPhone Developer";
				COPY_PHASE_STRIP = YES;
				ENABLE_NS_ASSERTIONS = NO;
				ENABLE_STRICT_OBJC_MSGSEND = YES;
				GCC_C_LANGUAGE_STANDARD = gnu99;
				GCC_WARN_64_TO_32_BIT_CONVERSION = YES;
				GCC_WARN_ABOUT_RETURN_TYPE = YES_ERROR;
				GCC_WARN_UNDECLARED_SELECTOR = YES;
				GCC_WARN_UNINITIALIZED_AUTOS = YES_AGGRESSIVE;
				GCC_WARN_UNUSED_FUNCTION = YES;
				GCC_WARN_UNUSED_VARIABLE = YES;
				IPHONEOS_DEPLOYMENT_TARGET = 8.0;
				MTL_ENABLE_DEBUG_INFO = NO;
				SDKROOT = iphoneos;
				VALIDATE_PRODUCT = YES;
			};
			name = Release;
		};
		4D6067E119E99C4B0052B82A /* Debug */ = {
			isa = XCBuildConfiguration;
			buildSettings = {
				ASSETCATALOG_COMPILER_APPICON_NAME = AppIcon;
				CODE_SIGN_IDENTITY = "iPhone Developer";
				"CODE_SIGN_IDENTITY[sdk=iphoneos*]" = "iPhone Developer";
				INFOPLIST_FILE = PaaS/Info.plist;
				LD_RUNPATH_SEARCH_PATHS = "$(inherited) @executable_path/Frameworks";
				PRODUCT_NAME = "$(TARGET_NAME)";
				PROVISIONING_PROFILE = "";
			};
			name = Debug;
		};
		4D6067E219E99C4B0052B82A /* Release */ = {
			isa = XCBuildConfiguration;
			buildSettings = {
				ASSETCATALOG_COMPILER_APPICON_NAME = AppIcon;
				CODE_SIGN_IDENTITY = "iPhone Developer";
				"CODE_SIGN_IDENTITY[sdk=iphoneos*]" = "iPhone Developer";
				INFOPLIST_FILE = PaaS/Info.plist;
				LD_RUNPATH_SEARCH_PATHS = "$(inherited) @executable_path/Frameworks";
				PRODUCT_NAME = "$(TARGET_NAME)";
				PROVISIONING_PROFILE = "";
			};
			name = Release;
		};
		4D6067E419E99C4B0052B82A /* Debug */ = {
			isa = XCBuildConfiguration;
			buildSettings = {
				BUNDLE_LOADER = "$(TEST_HOST)";
				FRAMEWORK_SEARCH_PATHS = (
					"$(SDKROOT)/Developer/Library/Frameworks",
					"$(inherited)",
				);
				GCC_PREPROCESSOR_DEFINITIONS = (
					"DEBUG=1",
					"$(inherited)",
				);
				INFOPLIST_FILE = PaaSTests/Info.plist;
				LD_RUNPATH_SEARCH_PATHS = "$(inherited) @executable_path/Frameworks @loader_path/Frameworks";
				PRODUCT_NAME = "$(TARGET_NAME)";
				TEST_HOST = "$(BUILT_PRODUCTS_DIR)/PaaS.app/PaaS";
			};
			name = Debug;
		};
		4D6067E519E99C4B0052B82A /* Release */ = {
			isa = XCBuildConfiguration;
			buildSettings = {
				BUNDLE_LOADER = "$(TEST_HOST)";
				FRAMEWORK_SEARCH_PATHS = (
					"$(SDKROOT)/Developer/Library/Frameworks",
					"$(inherited)",
				);
				INFOPLIST_FILE = PaaSTests/Info.plist;
				LD_RUNPATH_SEARCH_PATHS = "$(inherited) @executable_path/Frameworks @loader_path/Frameworks";
				PRODUCT_NAME = "$(TARGET_NAME)";
				TEST_HOST = "$(BUILT_PRODUCTS_DIR)/PaaS.app/PaaS";
			};
			name = Release;
		};
/* End XCBuildConfiguration section */

/* Begin XCConfigurationList section */
		4D6067BC19E99C4B0052B82A /* Build configuration list for PBXProject "PaaS" */ = {
			isa = XCConfigurationList;
			buildConfigurations = (
				4D6067DE19E99C4B0052B82A /* Debug */,
				4D6067DF19E99C4B0052B82A /* Release */,
			);
			defaultConfigurationIsVisible = 0;
			defaultConfigurationName = Release;
		};
		4D6067E019E99C4B0052B82A /* Build configuration list for PBXNativeTarget "PaaS" */ = {
			isa = XCConfigurationList;
			buildConfigurations = (
				4D6067E119E99C4B0052B82A /* Debug */,
				4D6067E219E99C4B0052B82A /* Release */,
			);
			defaultConfigurationIsVisible = 0;
			defaultConfigurationName = Release;
		};
		4D6067E319E99C4B0052B82A /* Build configuration list for PBXNativeTarget "PaaSTests" */ = {
			isa = XCConfigurationList;
			buildConfigurations = (
				4D6067E419E99C4B0052B82A /* Debug */,
				4D6067E519E99C4B0052B82A /* Release */,
			);
			defaultConfigurationIsVisible = 0;
			defaultConfigurationName = Release;
		};
/* End XCConfigurationList section */
	};
	rootObject = 4D6067B919E99C4B0052B82A /* Project object */;
}
